
Microsoft Visual Studio Solution File, Format Version 12.00
# Visual Studio Version 17
VisualStudioVersion = 17.6.33815.320
MinimumVisualStudioVersion = 10.0.40219.1
Project("{9A19103F-16F7-4668-BE54-9A1E7A4F7556}") = "WebApp", "WebApp\WebApp.csproj", "{D736857B-41C5-4FDD-95CD-4CC3975D69FB}"
EndProject
Project("{FAE04EC0-301F-11D3-BF4B-00C04F79EFBC}") = "WebApi", "WebApi\WebApi.csproj", "{090E99AA-4795-4497-A2B7-090B305953A4}"
EndProject
Global
	GlobalSection(SolutionConfigurationPlatforms) = preSolution
		Debug|Any CPU = Debug|Any CPU
		Release|Any CPU = Release|Any CPU
	EndGlobalSection
	GlobalSection(ProjectConfigurationPlatforms) = postSolution
		{D736857B-41C5-4FDD-95CD-4CC3975D69FB}.Debug|Any CPU.ActiveCfg = Debug|Any CPU
		{D736857B-41C5-4FDD-95CD-4CC3975D69FB}.Debug|Any CPU.Build.0 = Debug|Any CPU
		{D736857B-41C5-4FDD-95CD-4CC3975D69FB}.Release|Any CPU.ActiveCfg = Release|Any CPU
		{D736857B-41C5-4FDD-95CD-4CC3975D69FB}.Release|Any CPU.Build.0 = Release|Any CPU
		{090E99AA-4795-4497-A2B7-090B305953A4}.Debug|Any CPU.ActiveCfg = Debug|Any CPU
		{090E99AA-4795-4497-A2B7-090B305953A4}.Debug|Any CPU.Build.0 = Debug|Any CPU
		{090E99AA-4795-4497-A2B7-090B305953A4}.Release|Any CPU.ActiveCfg = Release|Any CPU
		{090E99AA-4795-4497-A2B7-090B305953A4}.Release|Any CPU.Build.0 = Release|Any CPU
	EndGlobalSection
	GlobalSection(SolutionProperties) = preSolution
		HideSolutionNode = FALSE
	EndGlobalSection
	GlobalSection(ExtensibilityGlobals) = postSolution
		SolutionGuid = {B1109C88-6125-4F90-9558-B039AAAA08B3}
	EndGlobalSection
EndGlobal
